
Microsoft Visual Studio Solution File, Format Version 12.00
# Visual Studio Version 17
VisualStudioVersion = 17.7.34031.279
MinimumVisualStudioVersion = 10.0.40219.1
Project("{9A19103F-16F7-4668-BE54-9A1E7A4F7556}") = "TodoItem.Repository", "TodoItem.Repository\TodoItem.Repository.csproj", "{F78B9F4F-0F4B-4E1E-8B5E-AF86819CE505}"
EndProject
Project("{9A19103F-16F7-4668-BE54-9A1E7A4F7556}") = "TodoItem.Service", "TodoItem.Service\TodoItem.Service.csproj", "{BBF063B6-9C66-41A0-B540-CF27D539A841}"
EndProject
Project("{9A19103F-16F7-4668-BE54-9A1E7A4F7556}") = "TodoItem.WebAPI", "TodoItem.WebAPI\TodoItem.WebAPI.csproj", "{50AB773C-2DAA-414C-986F-17642468DAFC}"
EndProject
Project("{9A19103F-16F7-4668-BE54-9A1E7A4F7556}") = "TodoItem.Shared", "TodoItem.Shared\TodoItem.Shared.csproj", "{C2EE9A20-2110-49FC-9976-FE7BF17F37C5}"
EndProject
Global
	GlobalSection(SolutionConfigurationPlatforms) = preSolution
		Debug|Any CPU = Debug|Any CPU
		Release|Any CPU = Release|Any CPU
	EndGlobalSection
	GlobalSection(ProjectConfigurationPlatforms) = postSolution
		{F78B9F4F-0F4B-4E1E-8B5E-AF86819CE505}.Debug|Any CPU.ActiveCfg = Debug|Any CPU
		{F78B9F4F-0F4B-4E1E-8B5E-AF86819CE505}.Debug|Any CPU.Build.0 = Debug|Any CPU
		{F78B9F4F-0F4B-4E1E-8B5E-AF86819CE505}.Release|Any CPU.ActiveCfg = Release|Any CPU
		{F78B9F4F-0F4B-4E1E-8B5E-AF86819CE505}.Release|Any CPU.Build.0 = Release|Any CPU
		{BBF063B6-9C66-41A0-B540-CF27D539A841}.Debug|Any CPU.ActiveCfg = Debug|Any CPU
		{BBF063B6-9C66-41A0-B540-CF27D539A841}.Debug|Any CPU.Build.0 = Debug|Any CPU
		{BBF063B6-9C66-41A0-B540-CF27D539A841}.Release|Any CPU.ActiveCfg = Release|Any CPU
		{BBF063B6-9C66-41A0-B540-CF27D539A841}.Release|Any CPU.Build.0 = Release|Any CPU
		{50AB773C-2DAA-414C-986F-17642468DAFC}.Debug|Any CPU.ActiveCfg = Debug|Any CPU
		{50AB773C-2DAA-414C-986F-17642468DAFC}.Debug|Any CPU.Build.0 = Debug|Any CPU
		{50AB773C-2DAA-414C-986F-17642468DAFC}.Release|Any CPU.ActiveCfg = Release|Any CPU
		{50AB773C-2DAA-414C-986F-17642468DAFC}.Release|Any CPU.Build.0 = Release|Any CPU
		{C2EE9A20-2110-49FC-9976-FE7BF17F37C5}.Debug|Any CPU.ActiveCfg = Debug|Any CPU
		{C2EE9A20-2110-49FC-9976-FE7BF17F37C5}.Debug|Any CPU.Build.0 = Debug|Any CPU
		{C2EE9A20-2110-49FC-9976-FE7BF17F37C5}.Release|Any CPU.ActiveCfg = Release|Any CPU
		{C2EE9A20-2110-49FC-9976-FE7BF17F37C5}.Release|Any CPU.Build.0 = Release|Any CPU
	EndGlobalSection
	GlobalSection(SolutionProperties) = preSolution
		HideSolutionNode = FALSE
	EndGlobalSection
	GlobalSection(ExtensibilityGlobals) = postSolution
		SolutionGuid = {DA328D5C-BE23-4472-B08E-18992DD50461}
	EndGlobalSection
EndGlobal
